# This file is automatically generated.
# It is not intended for manual editing.
version = 1

[[packages]]
name = "act:sessions"
registry = "actcore.dev"

[[packages.versions]]
requirement = "=0.2.0"
version = "0.2.0"
digest = "sha256:431ad435af62b732043a8bea1deaad2c4aa021c628dfa683ae09315b3c3c7884"

[[packages]]
name = "act:tools"
registry = "actcore.dev"

[[packages.versions]]
requirement = "=0.2.0"
version = "0.2.0"
digest = "sha256:c5ea8a362f19acbf09db07b866cae2e650725ce3977d72f18ed1f78de702ba04"
